// !$*UTF8*$!
{
	archiveVersion = 1;
	classes = {
	};
	objectVersion = 56;
	objects = {

/* Begin PBXBuildFile section */
		222845F629DDBA6000E57056 /* xcode_projectApp.swift in Sources */ = {isa = PBXBuildFile; fileRef = 222845F529DDBA6000E57056 /* xcode_projectApp.swift */; };
		222845F829DDBA6000E57056 /* ContentView.swift in Sources */ = {isa = PBXBuildFile; fileRef = 222845F729DDBA6000E57056 /* ContentView.swift */; };
		222845FA29DDBA6200E57056 /* Assets.xcassets in Resources */ = {isa = PBXBuildFile; fileRef = 222845F929DDBA6200E57056 /* Assets.xcassets */; };
		222845FD29DDBA6200E57056 /* Preview Assets.xcassets in Resources */ = {isa = PBXBuildFile; fileRef = 222845FC29DDBA6200E57056 /* Preview Assets.xcassets */; };
		2228460729DDBA6200E57056 /* xcode_projectTests.swift in Sources */ = {isa = PBXBuildFile; fileRef = 2228460629DDBA6200E57056 /* xcode_projectTests.swift */; };
		2228461129DDBA6200E57056 /* xcode_projectUITests.swift in Sources */ = {isa = PBXBuildFile; fileRef = 2228461029DDBA6200E57056 /* xcode_projectUITests.swift */; };
		2228461329DDBA6200E57056 /* xcode_projectUITestsLaunchTests.swift in Sources */ = {isa = PBXBuildFile; fileRef = 2228461229DDBA6200E57056 /* xcode_projectUITestsLaunchTests.swift */; };
		2228462029DDBD9300E57056 /* Data.swift in Sources */ = {isa = PBXBuildFile; fileRef = 2228461F29DDBD9200E57056 /* Data.swift */; };
		2228462229DDBDE100E57056 /* HomeView.swift in Sources */ = {isa = PBXBuildFile; fileRef = 2228462129DDBDE100E57056 /* HomeView.swift */; };
		2228462429DDBDFE00E57056 /* StoryView.swift in Sources */ = {isa = PBXBuildFile; fileRef = 2228462329DDBDFE00E57056 /* StoryView.swift */; };
		2228462629DDBE2800E57056 /* FavoritesView.swift in Sources */ = {isa = PBXBuildFile; fileRef = 2228462529DDBE2800E57056 /* FavoritesView.swift */; };
		2228462829DDBE4500E57056 /* FunFactsView.swift in Sources */ = {isa = PBXBuildFile; fileRef = 2228462729DDBE4500E57056 /* FunFactsView.swift */; };
/* End PBXBuildFile section */

/* Begin PBXContainerItemProxy section */
		2228460329DDBA6200E57056 /* PBXContainerItemProxy */ = {
			isa = PBXContainerItemProxy;
			containerPortal = 222845EA29DDBA6000E57056 /* Project object */;
			proxyType = 1;
			remoteGlobalIDString = 222845F129DDBA6000E57056;
			remoteInfo = "xcode-project";
		};
		2228460D29DDBA6200E57056 /* PBXContainerItemProxy */ = {
			isa = PBXContainerItemProxy;
			containerPortal = 222845EA29DDBA6000E57056 /* Project object */;
			proxyType = 1;
			remoteGlobalIDString = 222845F129DDBA6000E57056;
			remoteInfo = "xcode-project";
		};
/* End PBXContainerItemProxy section */

/* Begin PBXFileReference section */
		222845F229DDBA6000E57056 /* xcode-project.app */ = {isa = PBXFileReference; explicitFileType = wrapper.application; includeInIndex = 0; path = "xcode-project.app"; sourceTree = BUILT_PRODUCTS_DIR; };
		222845F529DDBA6000E57056 /* xcode_projectApp.swift */ = {isa = PBXFileReference; lastKnownFileType = sourcecode.swift; path = xcode_projectApp.swift; sourceTree = "<group>"; };
		222845F729DDBA6000E57056 /* ContentView.swift */ = {isa = PBXFileReference; lastKnownFileType = sourcecode.swift; path = ContentView.swift; sourceTree = "<group>"; };
		222845F929DDBA6200E57056 /* Assets.xcassets */ = {isa = PBXFileReference; lastKnownFileType = folder.assetcatalog; path = Assets.xcassets; sourceTree = "<group>"; };
		222845FC29DDBA6200E57056 /* Preview Assets.xcassets */ = {isa = PBXFileReference; lastKnownFileType = folder.assetcatalog; path = "Preview Assets.xcassets"; sourceTree = "<group>"; };
		2228460229DDBA6200E57056 /* xcode-projectTests.xctest */ = {isa = PBXFileReference; explicitFileType = wrapper.cfbundle; includeInIndex = 0; path = "xcode-projectTests.xctest"; sourceTree = BUILT_PRODUCTS_DIR; };
		2228460629DDBA6200E57056 /* xcode_projectTests.swift */ = {isa = PBXFileReference; lastKnownFileType = sourcecode.swift; path = xcode_projectTests.swift; sourceTree = "<group>"; };
		2228460C29DDBA6200E57056 /* xcode-projectUITests.xctest */ = {isa = PBXFileReference; explicitFileType = wrapper.cfbundle; includeInIndex = 0; path = "xcode-projectUITests.xctest"; sourceTree = BUILT_PRODUCTS_DIR; };
		2228461029DDBA6200E57056 /* xcode_projectUITests.swift */ = {isa = PBXFileReference; lastKnownFileType = sourcecode.swift; path = xcode_projectUITests.swift; sourceTree = "<group>"; };
		2228461229DDBA6200E57056 /* xcode_projectUITestsLaunchTests.swift */ = {isa = PBXFileReference; lastKnownFileType = sourcecode.swift; path = xcode_projectUITestsLaunchTests.swift; sourceTree = "<group>"; };
		2228461F29DDBD9200E57056 /* Data.swift */ = {isa = PBXFileReference; lastKnownFileType = sourcecode.swift; path = Data.swift; sourceTree = "<group>"; };
		2228462129DDBDE100E57056 /* HomeView.swift */ = {isa = PBXFileReference; lastKnownFileType = sourcecode.swift; path = HomeView.swift; sourceTree = "<group>"; };
		2228462329DDBDFE00E57056 /* StoryView.swift */ = {isa = PBXFileReference; lastKnownFileType = sourcecode.swift; path = StoryView.swift; sourceTree = "<group>"; };
		2228462529DDBE2800E57056 /* FavoritesView.swift */ = {isa = PBXFileReference; lastKnownFileType = sourcecode.swift; path = FavoritesView.swift; sourceTree = "<group>"; };
		2228462729DDBE4500E57056 /* FunFactsView.swift */ = {isa = PBXFileReference; lastKnownFileType = sourcecode.swift; path = FunFactsView.swift; sourceTree = "<group>"; };
/* End PBXFileReference section */

/* Begin PBXFrameworksBuildPhase section */
		222845EF29DDBA6000E57056 /* Frameworks */ = {
			isa = PBXFrameworksBuildPhase;
			buildActionMask = 2147483647;
			files = (
			);
			runOnlyForDeploymentPostprocessing = 0;
		};
		222845FF29DDBA6200E57056 /* Frameworks */ = {
			isa = PBXFrameworksBuildPhase;
			buildActionMask = 2147483647;
			files = (
			);
			runOnlyForDeploymentPostprocessing = 0;
		};
		2228460929DDBA6200E57056 /* Frameworks */ = {
			isa = PBXFrameworksBuildPhase;
			buildActionMask = 2147483647;
			files = (
			);
			runOnlyForDeploymentPostprocessing = 0;
		};
/* End PBXFrameworksBuildPhase section */

/* Begin PBXGroup section */
		222845E929DDBA6000E57056 = {
			isa = PBXGroup;
			children = (
				222845F429DDBA6000E57056 /* xcode-project */,
				2228460529DDBA6200E57056 /* xcode-projectTests */,
				2228460F29DDBA6200E57056 /* xcode-projectUITests */,
				222845F329DDBA6000E57056 /* Products */,
			);
			sourceTree = "<group>";
		};
		222845F329DDBA6000E57056 /* Products */ = {
			isa = PBXGroup;
			children = (
				222845F229DDBA6000E57056 /* xcode-project.app */,
				2228460229DDBA6200E57056 /* xcode-projectTests.xctest */,
				2228460C29DDBA6200E57056 /* xcode-projectUITests.xctest */,
			);
			name = Products;
			sourceTree = "<group>";
		};
		222845F429DDBA6000E57056 /* xcode-project */ = {
			isa = PBXGroup;
			children = (
				222845F529DDBA6000E57056 /* xcode_projectApp.swift */,
				2228461F29DDBD9200E57056 /* Data.swift */,
				2228462529DDBE2800E57056 /* FavoritesView.swift */,
				2228462129DDBDE100E57056 /* HomeView.swift */,
				2228462329DDBDFE00E57056 /* StoryView.swift */,
				2228462729DDBE4500E57056 /* FunFactsView.swift */,
				222845F729DDBA6000E57056 /* ContentView.swift */,
				222845F929DDBA6200E57056 /* Assets.xcassets */,
				222845FB29DDBA6200E57056 /* Preview Content */,
			);
			path = "xcode-project";
			sourceTree = "<group>";
		};
		222845FB29DDBA6200E57056 /* Preview Content */ = {
			isa = PBXGroup;
			children = (
				222845FC29DDBA6200E57056 /* Preview Assets.xcassets */,
			);
			path = "Preview Content";
			sourceTree = "<group>";
		};
		2228460529DDBA6200E57056 /* xcode-projectTests */ = {
			isa = PBXGroup;
			children = (
				2228460629DDBA6200E57056 /* xcode_projectTests.swift */,
			);
			path = "xcode-projectTests";
			sourceTree = "<group>";
		};
		2228460F29DDBA6200E57056 /* xcode-projectUITests */ = {
			isa = PBXGroup;
			children = (
				2228461029DDBA6200E57056 /* xcode_projectUITests.swift */,
				2228461229DDBA6200E57056 /* xcode_projectUITestsLaunchTests.swift */,
			);
			path = "xcode-projectUITests";
			sourceTree = "<group>";
		};
/* End PBXGroup section */

/* Begin PBXNativeTarget section */
		222845F129DDBA6000E57056 /* xcode-project */ = {
			isa = PBXNativeTarget;
			buildConfigurationList = 2228461629DDBA6200E57056 /* Build configuration list for PBXNativeTarget "xcode-project" */;
			buildPhases = (
				222845EE29DDBA6000E57056 /* Sources */,
				222845EF29DDBA6000E57056 /* Frameworks */,
				222845F029DDBA6000E57056 /* Resources */,
			);
			buildRules = (
			);
			dependencies = (
			);
			name = "xcode-project";
			productName = "xcode-project";
			productReference = 222845F229DDBA6000E57056 /* xcode-project.app */;
			productType = "com.apple.product-type.application";
		};
		2228460129DDBA6200E57056 /* xcode-projectTests */ = {
			isa = PBXNativeTarget;
			buildConfigurationList = 2228461929DDBA6200E57056 /* Build configuration list for PBXNativeTarget "xcode-projectTests" */;
			buildPhases = (
				222845FE29DDBA6200E57056 /* Sources */,
				222845FF29DDBA6200E57056 /* Frameworks */,
				2228460029DDBA6200E57056 /* Resources */,
			);
			buildRules = (
			);
			dependencies = (
				2228460429DDBA6200E57056 /* PBXTargetDependency */,
			);
			name = "xcode-projectTests";
			productName = "xcode-projectTests";
			productReference = 2228460229DDBA6200E57056 /* xcode-projectTests.xctest */;
			productType = "com.apple.product-type.bundle.unit-test";
		};
		2228460B29DDBA6200E57056 /* xcode-projectUITests */ = {
			isa = PBXNativeTarget;
			buildConfigurationList = 2228461C29DDBA6200E57056 /* Build configuration list for PBXNativeTarget "xcode-projectUITests" */;
			buildPhases = (
				2228460829DDBA6200E57056 /* Sources */,
				2228460929DDBA6200E57056 /* Frameworks */,
				2228460A29DDBA6200E57056 /* Resources */,
			);
			buildRules = (
			);
			dependencies = (
				2228460E29DDBA6200E57056 /* PBXTargetDependency */,
			);
			name = "xcode-projectUITests";
			productName = "xcode-projectUITests";
			productReference = 2228460C29DDBA6200E57056 /* xcode-projectUITests.xctest */;
			productType = "com.apple.product-type.bundle.ui-testing";
		};
/* End PBXNativeTarget section */

/* Begin PBXProject section */
		222845EA29DDBA6000E57056 /* Project object */ = {
			isa = PBXProject;
			attributes = {
				BuildIndependentTargetsInParallel = 1;
				LastSwiftUpdateCheck = 1430;
				LastUpgradeCheck = 1430;
				TargetAttributes = {
					222845F129DDBA6000E57056 = {
						CreatedOnToolsVersion = 14.3;
					};
					2228460129DDBA6200E57056 = {
						CreatedOnToolsVersion = 14.3;
						TestTargetID = 222845F129DDBA6000E57056;
					};
					2228460B29DDBA6200E57056 = {
						CreatedOnToolsVersion = 14.3;
						TestTargetID = 222845F129DDBA6000E57056;
					};
				};
			};
			buildConfigurationList = 222845ED29DDBA6000E57056 /* Build configuration list for PBXProject "xcode-project" */;
			compatibilityVersion = "Xcode 14.0";
			developmentRegion = en;
			hasScannedForEncodings = 0;
			knownRegions = (
				en,
				Base,
			);
			mainGroup = 222845E929DDBA6000E57056;
			productRefGroup = 222845F329DDBA6000E57056 /* Products */;
			projectDirPath = "";
			projectRoot = "";
			targets = (
				222845F129DDBA6000E57056 /* xcode-project */,
				2228460129DDBA6200E57056 /* xcode-projectTests */,
				2228460B29DDBA6200E57056 /* xcode-projectUITests */,
			);
		};
/* End PBXProject section */

/* Begin PBXResourcesBuildPhase section */
		222845F029DDBA6000E57056 /* Resources */ = {
			isa = PBXResourcesBuildPhase;
			buildActionMask = 2147483647;
			files = (
				222845FD29DDBA6200E57056 /* Preview Assets.xcassets in Resources */,
				222845FA29DDBA6200E57056 /* Assets.xcassets in Resources */,
			);
			runOnlyForDeploymentPostprocessing = 0;
		};
		2228460029DDBA6200E57056 /* Resources */ = {
			isa = PBXResourcesBuildPhase;
			buildActionMask = 2147483647;
			files = (
			);
			runOnlyForDeploymentPostprocessing = 0;
		};
		2228460A29DDBA6200E57056 /* Resources */ = {
			isa = PBXResourcesBuildPhase;
			buildActionMask = 2147483647;
			files = (
			);
			runOnlyForDeploymentPostprocessing = 0;
		};
/* End PBXResourcesBuildPhase section */

/* Begin PBXSourcesBuildPhase section */
		222845EE29DDBA6000E57056 /* Sources */ = {
			isa = PBXSourcesBuildPhase;
			buildActionMask = 2147483647;
			files = (
				2228462429DDBDFE00E57056 /* StoryView.swift in Sources */,
				222845F829DDBA6000E57056 /* ContentView.swift in Sources */,
				2228462629DDBE2800E57056 /* FavoritesView.swift in Sources */,
				2228462829DDBE4500E57056 /* FunFactsView.swift in Sources */,
				2228462229DDBDE100E57056 /* HomeView.swift in Sources */,
				2228462029DDBD9300E57056 /* Data.swift in Sources */,
				222845F629DDBA6000E57056 /* xcode_projectApp.swift in Sources */,
			);
			runOnlyForDeploymentPostprocessing = 0;
		};
		222845FE29DDBA6200E57056 /* Sources */ = {
			isa = PBXSourcesBuildPhase;
			buildActionMask = 2147483647;
			files = (
				2228460729DDBA6200E57056 /* xcode_projectTests.swift in Sources */,
			);
			runOnlyForDeploymentPostprocessing = 0;
		};
		2228460829DDBA6200E57056 /* Sources */ = {
			isa = PBXSourcesBuildPhase;
			buildActionMask = 2147483647;
			files = (
				2228461329DDBA6200E57056 /* xcode_projectUITestsLaunchTests.swift in Sources */,
				2228461129DDBA6200E57056 /* xcode_projectUITests.swift in Sources */,
			);
			runOnlyForDeploymentPostprocessing = 0;
		};
/* End PBXSourcesBuildPhase section */

/* Begin PBXTargetDependency section */
		2228460429DDBA6200E57056 /* PBXTargetDependency */ = {
			isa = PBXTargetDependency;
			target = 222845F129DDBA6000E57056 /* xcode-project */;
			targetProxy = 2228460329DDBA6200E57056 /* PBXContainerItemProxy */;
		};
		2228460E29DDBA6200E57056 /* PBXTargetDependency */ = {
			isa = PBXTargetDependency;
			target = 222845F129DDBA6000E57056 /* xcode-project */;
			targetProxy = 2228460D29DDBA6200E57056 /* PBXContainerItemProxy */;
		};
/* End PBXTargetDependency section */

/* Begin XCBuildConfiguration section */
		2228461429DDBA6200E57056 /* Debug */ = {
			isa = XCBuildConfiguration;
			buildSettings = {
				ALWAYS_SEARCH_USER_PATHS = NO;
				CLANG_ANALYZER_NONNULL = YES;
				CLANG_ANALYZER_NUMBER_OBJECT_CONVERSION = YES_AGGRESSIVE;
				CLANG_CXX_LANGUAGE_STANDARD = "gnu++20";
				CLANG_ENABLE_MODULES = YES;
				CLANG_ENABLE_OBJC_ARC = YES;
				CLANG_ENABLE_OBJC_WEAK = YES;
				CLANG_WARN_BLOCK_CAPTURE_AUTORELEASING = YES;
				CLANG_WARN_BOOL_CONVERSION = YES;
				CLANG_WARN_COMMA = YES;
				CLANG_WARN_CONSTANT_CONVERSION = YES;
				CLANG_WARN_DEPRECATED_OBJC_IMPLEMENTATIONS = YES;
				CLANG_WARN_DIRECT_OBJC_ISA_USAGE = YES_ERROR;
				CLANG_WARN_DOCUMENTATION_COMMENTS = YES;
				CLANG_WARN_EMPTY_BODY = YES;
				CLANG_WARN_ENUM_CONVERSION = YES;
				CLANG_WARN_INFINITE_RECURSION = YES;
				CLANG_WARN_INT_CONVERSION = YES;
				CLANG_WARN_NON_LITERAL_NULL_CONVERSION = YES;
				CLANG_WARN_OBJC_IMPLICIT_RETAIN_SELF = YES;
				CLANG_WARN_OBJC_LITERAL_CONVERSION = YES;
				CLANG_WARN_OBJC_ROOT_CLASS = YES_ERROR;
				CLANG_WARN_QUOTED_INCLUDE_IN_FRAMEWORK_HEADER = YES;
				CLANG_WARN_RANGE_LOOP_ANALYSIS = YES;
				CLANG_WARN_STRICT_PROTOTYPES = YES;
				CLANG_WARN_SUSPICIOUS_MOVE = YES;
				CLANG_WARN_UNGUARDED_AVAILABILITY = YES_AGGRESSIVE;
				CLANG_WARN_UNREACHABLE_CODE = YES;
				CLANG_WARN__DUPLICATE_METHOD_MATCH = YES;
				COPY_PHASE_STRIP = NO;
				DEBUG_INFORMATION_FORMAT = dwarf;
				ENABLE_STRICT_OBJC_MSGSEND = YES;
				ENABLE_TESTABILITY = YES;
				GCC_C_LANGUAGE_STANDARD = gnu11;
				GCC_DYNAMIC_NO_PIC = NO;
				GCC_NO_COMMON_BLOCKS = YES;
				GCC_OPTIMIZATION_LEVEL = 0;
				GCC_PREPROCESSOR_DEFINITIONS = (
					"DEBUG=1",
					"$(inherited)",
				);
				GCC_WARN_64_TO_32_BIT_CONVERSION = YES;
				GCC_WARN_ABOUT_RETURN_TYPE = YES_ERROR;
				GCC_WARN_UNDECLARED_SELECTOR = YES;
				GCC_WARN_UNINITIALIZED_AUTOS = YES_AGGRESSIVE;
				GCC_WARN_UNUSED_FUNCTION = YES;
				GCC_WARN_UNUSED_VARIABLE = YES;
				IPHONEOS_DEPLOYMENT_TARGET = 16.4;
				MTL_ENABLE_DEBUG_INFO = INCLUDE_SOURCE;
				MTL_FAST_MATH = YES;
				ONLY_ACTIVE_ARCH = YES;
				SDKROOT = iphoneos;
				SWIFT_ACTIVE_COMPILATION_CONDITIONS = DEBUG;
				SWIFT_OPTIMIZATION_LEVEL = "-Onone";
			};
			name = Debug;
		};
		2228461529DDBA6200E57056 /* Release */ = {
			isa = XCBuildConfiguration;
			buildSettings = {
				ALWAYS_SEARCH_USER_PATHS = NO;
				CLANG_ANALYZER_NONNULL = YES;
				CLANG_ANALYZER_NUMBER_OBJECT_CONVERSION = YES_AGGRESSIVE;
				CLANG_CXX_LANGUAGE_STANDARD = "gnu++20";
				CLANG_ENABLE_MODULES = YES;
				CLANG_ENABLE_OBJC_ARC = YES;
				CLANG_ENABLE_OBJC_WEAK = YES;
				CLANG_WARN_BLOCK_CAPTURE_AUTORELEASING = YES;
				CLANG_WARN_BOOL_CONVERSION = YES;
				CLANG_WARN_COMMA = YES;
				CLANG_WARN_CONSTANT_CONVERSION = YES;
				CLANG_WARN_DEPRECATED_OBJC_IMPLEMENTATIONS = YES;
				CLANG_WARN_DIRECT_OBJC_ISA_USAGE = YES_ERROR;
				CLANG_WARN_DOCUMENTATION_COMMENTS = YES;
				CLANG_WARN_EMPTY_BODY = YES;
				CLANG_WARN_ENUM_CONVERSION = YES;
				CLANG_WARN_INFINITE_RECURSION = YES;
				CLANG_WARN_INT_CONVERSION = YES;
				CLANG_WARN_NON_LITERAL_NULL_CONVERSION = YES;
				CLANG_WARN_OBJC_IMPLICIT_RETAIN_SELF = YES;
				CLANG_WARN_OBJC_LITERAL_CONVERSION = YES;
				CLANG_WARN_OBJC_ROOT_CLASS = YES_ERROR;
				CLANG_WARN_QUOTED_INCLUDE_IN_FRAMEWORK_HEADER = YES;
				CLANG_WARN_RANGE_LOOP_ANALYSIS = YES;
				CLANG_WARN_STRICT_PROTOTYPES = YES;
				CLANG_WARN_SUSPICIOUS_MOVE = YES;
				CLANG_WARN_UNGUARDED_AVAILABILITY = YES_AGGRESSIVE;
				CLANG_WARN_UNREACHABLE_CODE = YES;
				CLANG_WARN__DUPLICATE_METHOD_MATCH = YES;
				COPY_PHASE_STRIP = NO;
				DEBUG_INFORMATION_FORMAT = "dwarf-with-dsym";
				ENABLE_NS_ASSERTIONS = NO;
				ENABLE_STRICT_OBJC_MSGSEND = YES;
				GCC_C_LANGUAGE_STANDARD = gnu11;
				GCC_NO_COMMON_BLOCKS = YES;
				GCC_WARN_64_TO_32_BIT_CONVERSION = YES;
				GCC_WARN_ABOUT_RETURN_TYPE = YES_ERROR;
				GCC_WARN_UNDECLARED_SELECTOR = YES;
				GCC_WARN_UNINITIALIZED_AUTOS = YES_AGGRESSIVE;
				GCC_WARN_UNUSED_FUNCTION = YES;
				GCC_WARN_UNUSED_VARIABLE = YES;
				IPHONEOS_DEPLOYMENT_TARGET = 16.4;
				MTL_ENABLE_DEBUG_INFO = NO;
				MTL_FAST_MATH = YES;
				SDKROOT = iphoneos;
				SWIFT_COMPILATION_MODE = wholemodule;
				SWIFT_OPTIMIZATION_LEVEL = "-O";
				VALIDATE_PRODUCT = YES;
			};
			name = Release;
		};
		2228461729DDBA6200E57056 /* Debug */ = {
			isa = XCBuildConfiguration;
			buildSettings = {
				ASSETCATALOG_COMPILER_APPICON_NAME = AppIcon;
				ASSETCATALOG_COMPILER_GLOBAL_ACCENT_COLOR_NAME = AccentColor;
				CODE_SIGN_STYLE = Automatic;
				CURRENT_PROJECT_VERSION = 1;
				DEVELOPMENT_ASSET_PATHS = "\"xcode-project/Preview Content\"";
				DEVELOPMENT_TEAM = 23WJFLBPJL;
				ENABLE_PREVIEWS = YES;
				GENERATE_INFOPLIST_FILE = YES;
				INFOPLIST_KEY_UIApplicationSceneManifest_Generation = YES;
				INFOPLIST_KEY_UIApplicationSupportsIndirectInputEvents = YES;
				INFOPLIST_KEY_UILaunchScreen_Generation = YES;
				INFOPLIST_KEY_UISupportedInterfaceOrientations_iPad = "UIInterfaceOrientationPortrait UIInterfaceOrientationPortraitUpsideDown UIInterfaceOrientationLandscapeLeft UIInterfaceOrientationLandscapeRight";
				INFOPLIST_KEY_UISupportedInterfaceOrientations_iPhone = "UIInterfaceOrientationPortrait UIInterfaceOrientationLandscapeLeft UIInterfaceOrientationLandscapeRight";
				LD_RUNPATH_SEARCH_PATHS = (
					"$(inherited)",
					"@executable_path/Frameworks",
				);
				MARKETING_VERSION = 1.0;
				PRODUCT_BUNDLE_IDENTIFIER = "test.xcode-project";
				PRODUCT_NAME = "$(TARGET_NAME)";
				SWIFT_EMIT_LOC_STRINGS = YES;
				SWIFT_VERSION = 5.0;
				TARGETED_DEVICE_FAMILY = "1,2";
			};
			name = Debug;
		};
		2228461829DDBA6200E57056 /* Release */ = {
			isa = XCBuildConfiguration;
			buildSettings = {
				ASSETCATALOG_COMPILER_APPICON_NAME = AppIcon;
				ASSETCATALOG_COMPILER_GLOBAL_ACCENT_COLOR_NAME = AccentColor;
				CODE_SIGN_STYLE = Automatic;
				CURRENT_PROJECT_VERSION = 1;
				DEVELOPMENT_ASSET_PATHS = "\"xcode-project/Preview Content\"";
				DEVELOPMENT_TEAM = 23WJFLBPJL;
				ENABLE_PREVIEWS = YES;
				GENERATE_INFOPLIST_FILE = YES;
				INFOPLIST_KEY_UIApplicationSceneManifest_Generation = YES;
				INFOPLIST_KEY_UIApplicationSupportsIndirectInputEvents = YES;
				INFOPLIST_KEY_UILaunchScreen_Generation = YES;
				INFOPLIST_KEY_UISupportedInterfaceOrientations_iPad = "UIInterfaceOrientationPortrait UIInterfaceOrientationPortraitUpsideDown UIInterfaceOrientationLandscapeLeft UIInterfaceOrientationLandscapeRight";
				INFOPLIST_KEY_UISupportedInterfaceOrientations_iPhone = "UIInterfaceOrientationPortrait UIInterfaceOrientationLandscapeLeft UIInterfaceOrientationLandscapeRight";
				LD_RUNPATH_SEARCH_PATHS = (
					"$(inherited)",
					"@executable_path/Frameworks",
				);
				MARKETING_VERSION = 1.0;
				PRODUCT_BUNDLE_IDENTIFIER = "test.xcode-project";
				PRODUCT_NAME = "$(TARGET_NAME)";
				SWIFT_EMIT_LOC_STRINGS = YES;
				SWIFT_VERSION = 5.0;
				TARGETED_DEVICE_FAMILY = "1,2";
			};
			name = Release;
		};
		2228461A29DDBA6200E57056 /* Debug */ = {
			isa = XCBuildConfiguration;
			buildSettings = {
				ALWAYS_EMBED_SWIFT_STANDARD_LIBRARIES = YES;
				BUNDLE_LOADER = "$(TEST_HOST)";
				CODE_SIGN_STYLE = Automatic;
				CURRENT_PROJECT_VERSION = 1;
				DEVELOPMENT_TEAM = 23WJFLBPJL;
				GENERATE_INFOPLIST_FILE = YES;
				IPHONEOS_DEPLOYMENT_TARGET = 16.4;
				MARKETING_VERSION = 1.0;
				PRODUCT_BUNDLE_IDENTIFIER = "test.xcode-projectTests";
				PRODUCT_NAME = "$(TARGET_NAME)";
				SWIFT_EMIT_LOC_STRINGS = NO;
				SWIFT_VERSION = 5.0;
				TARGETED_DEVICE_FAMILY = "1,2";
				TEST_HOST = "$(BUILT_PRODUCTS_DIR)/xcode-project.app/$(BUNDLE_EXECUTABLE_FOLDER_PATH)/xcode-project";
			};
			name = Debug;
		};
		2228461B29DDBA6200E57056 /* Release */ = {
			isa = XCBuildConfiguration;
			buildSettings = {
				ALWAYS_EMBED_SWIFT_STANDARD_LIBRARIES = YES;
				BUNDLE_LOADER = "$(TEST_HOST)";
				CODE_SIGN_STYLE = Automatic;
				CURRENT_PROJECT_VERSION = 1;
				DEVELOPMENT_TEAM = 23WJFLBPJL;
				GENERATE_INFOPLIST_FILE = YES;
				IPHONEOS_DEPLOYMENT_TARGET = 16.4;
				MARKETING_VERSION = 1.0;
				PRODUCT_BUNDLE_IDENTIFIER = "test.xcode-projectTests";
				PRODUCT_NAME = "$(TARGET_NAME)";
				SWIFT_EMIT_LOC_STRINGS = NO;
				SWIFT_VERSION = 5.0;
				TARGETED_DEVICE_FAMILY = "1,2";
				TEST_HOST = "$(BUILT_PRODUCTS_DIR)/xcode-project.app/$(BUNDLE_EXECUTABLE_FOLDER_PATH)/xcode-project";
			};
			name = Release;
		};
		2228461D29DDBA6200E57056 /* Debug */ = {
			isa = XCBuildConfiguration;
			buildSettings = {
				ALWAYS_EMBED_SWIFT_STANDARD_LIBRARIES = YES;
				CODE_SIGN_STYLE = Automatic;
				CURRENT_PROJECT_VERSION = 1;
				DEVELOPMENT_TEAM = 23WJFLBPJL;
				GENERATE_INFOPLIST_FILE = YES;
				MARKETING_VERSION = 1.0;
				PRODUCT_BUNDLE_IDENTIFIER = "test.xcode-projectUITests";
				PRODUCT_NAME = "$(TARGET_NAME)";
				SWIFT_EMIT_LOC_STRINGS = NO;
				SWIFT_VERSION = 5.0;
				TARGETED_DEVICE_FAMILY = "1,2";
				TEST_TARGET_NAME = "xcode-project";
			};
			name = Debug;
		};
		2228461E29DDBA6200E57056 /* Release */ = {
			isa = XCBuildConfiguration;
			buildSettings = {
				ALWAYS_EMBED_SWIFT_STANDARD_LIBRARIES = YES;
				CODE_SIGN_STYLE = Automatic;
				CURRENT_PROJECT_VERSION = 1;
				DEVELOPMENT_TEAM = 23WJFLBPJL;
				GENERATE_INFOPLIST_FILE = YES;
				MARKETING_VERSION = 1.0;
				PRODUCT_BUNDLE_IDENTIFIER = "test.xcode-projectUITests";
				PRODUCT_NAME = "$(TARGET_NAME)";
				SWIFT_EMIT_LOC_STRINGS = NO;
				SWIFT_VERSION = 5.0;
				TARGETED_DEVICE_FAMILY = "1,2";
				TEST_TARGET_NAME = "xcode-project";
			};
			name = Release;
		};
/* End XCBuildConfiguration section */

/* Begin XCConfigurationList section */
		222845ED29DDBA6000E57056 /* Build configuration list for PBXProject "xcode-project" */ = {
			isa = XCConfigurationList;
			buildConfigurations = (
				2228461429DDBA6200E57056 /* Debug */,
				2228461529DDBA6200E57056 /* Release */,
			);
			defaultConfigurationIsVisible = 0;
			defaultConfigurationName = Release;
		};
		2228461629DDBA6200E57056 /* Build configuration list for PBXNativeTarget "xcode-project" */ = {
			isa = XCConfigurationList;
			buildConfigurations = (
				2228461729DDBA6200E57056 /* Debug */,
				2228461829DDBA6200E57056 /* Release */,
			);
			defaultConfigurationIsVisible = 0;
			defaultConfigurationName = Release;
		};
		2228461929DDBA6200E57056 /* Build configuration list for PBXNativeTarget "xcode-projectTests" */ = {
			isa = XCConfigurationList;
			buildConfigurations = (
				2228461A29DDBA6200E57056 /* Debug */,
				2228461B29DDBA6200E57056 /* Release */,
			);
			defaultConfigurationIsVisible = 0;
			defaultConfigurationName = Release;
		};
		2228461C29DDBA6200E57056 /* Build configuration list for PBXNativeTarget "xcode-projectUITests" */ = {
			isa = XCConfigurationList;
			buildConfigurations = (
				2228461D29DDBA6200E57056 /* Debug */,
				2228461E29DDBA6200E57056 /* Release */,
			);
			defaultConfigurationIsVisible = 0;
			defaultConfigurationName = Release;
		};
/* End XCConfigurationList section */
	};
	rootObject = 222845EA29DDBA6000E57056 /* Project object */;
}
